// !$*UTF8*$!
{
	archiveVersion = 1;
	classes = {
	};
	objectVersion = 46;
	objects = {

/* Begin PBXBuildFile section */
		490393DA1BD981F0009263BC /* main.m in Sources */ = {isa = PBXBuildFile; fileRef = 490393D91BD981F0009263BC /* main.m */; };
		490393DD1BD981F0009263BC /* AppDelegate.m in Sources */ = {isa = PBXBuildFile; fileRef = 490393DC1BD981F0009263BC /* AppDelegate.m */; };
		490393E01BD981F0009263BC /* ViewController.m in Sources */ = {isa = PBXBuildFile; fileRef = 490393DF1BD981F0009263BC /* ViewController.m */; };
		490393E31BD981F0009263BC /* Main.storyboard in Resources */ = {isa = PBXBuildFile; fileRef = 490393E11BD981F0009263BC /* Main.storyboard */; };
		490393E51BD981F0009263BC /* Assets.xcassets in Resources */ = {isa = PBXBuildFile; fileRef = 490393E41BD981F0009263BC /* Assets.xcassets */; };
		490393E81BD981F0009263BC /* LaunchScreen.storyboard in Resources */ = {isa = PBXBuildFile; fileRef = 490393E61BD981F0009263BC /* LaunchScreen.storyboard */; };
		490393F31BD981F0009263BC /* helloPushTests.m in Sources */ = {isa = PBXBuildFile; fileRef = 490393F21BD981F0009263BC /* helloPushTests.m */; };
		490393FE1BD981F0009263BC /* helloPushUITests.m in Sources */ = {isa = PBXBuildFile; fileRef = 490393FD1BD981F0009263BC /* helloPushUITests.m */; };
		C2F0B6C870E1A337EF785680 /* libPods.a in Frameworks */ = {isa = PBXBuildFile; fileRef = D9C687F7687C95E800A237A8 /* libPods.a */; };
/* End PBXBuildFile section */

/* Begin PBXContainerItemProxy section */
		490393EF1BD981F0009263BC /* PBXContainerItemProxy */ = {
			isa = PBXContainerItemProxy;
			containerPortal = 490393CD1BD981EF009263BC /* Project object */;
			proxyType = 1;
			remoteGlobalIDString = 490393D41BD981F0009263BC;
			remoteInfo = helloPush;
		};
		490393FA1BD981F0009263BC /* PBXContainerItemProxy */ = {
			isa = PBXContainerItemProxy;
			containerPortal = 490393CD1BD981EF009263BC /* Project object */;
			proxyType = 1;
			remoteGlobalIDString = 490393D41BD981F0009263BC;
			remoteInfo = helloPush;
		};
/* End PBXContainerItemProxy section */

/* Begin PBXFileReference section */
		490393D51BD981F0009263BC /* helloPush.app */ = {isa = PBXFileReference; explicitFileType = wrapper.application; includeInIndex = 0; path = helloPush.app; sourceTree = BUILT_PRODUCTS_DIR; };
		490393D91BD981F0009263BC /* main.m */ = {isa = PBXFileReference; lastKnownFileType = sourcecode.c.objc; path = main.m; sourceTree = "<group>"; };
		490393DB1BD981F0009263BC /* AppDelegate.h */ = {isa = PBXFileReference; lastKnownFileType = sourcecode.c.h; path = AppDelegate.h; sourceTree = "<group>"; };
		490393DC1BD981F0009263BC /* AppDelegate.m */ = {isa = PBXFileReference; lastKnownFileType = sourcecode.c.objc; path = AppDelegate.m; sourceTree = "<group>"; };
		490393DE1BD981F0009263BC /* ViewController.h */ = {isa = PBXFileReference; lastKnownFileType = sourcecode.c.h; path = ViewController.h; sourceTree = "<group>"; };
		490393DF1BD981F0009263BC /* ViewController.m */ = {isa = PBXFileReference; lastKnownFileType = sourcecode.c.objc; path = ViewController.m; sourceTree = "<group>"; };
		490393E21BD981F0009263BC /* Base */ = {isa = PBXFileReference; lastKnownFileType = file.storyboard; name = Base; path = Base.lproj/Main.storyboard; sourceTree = "<group>"; };
		490393E41BD981F0009263BC /* Assets.xcassets */ = {isa = PBXFileReference; lastKnownFileType = folder.assetcatalog; path = Assets.xcassets; sourceTree = "<group>"; };
		490393E71BD981F0009263BC /* Base */ = {isa = PBXFileReference; lastKnownFileType = file.storyboard; name = Base; path = Base.lproj/LaunchScreen.storyboard; sourceTree = "<group>"; };
		490393E91BD981F0009263BC /* Info.plist */ = {isa = PBXFileReference; lastKnownFileType = text.plist.xml; path = Info.plist; sourceTree = "<group>"; };
		490393EE1BD981F0009263BC /* helloPushTests.xctest */ = {isa = PBXFileReference; explicitFileType = wrapper.cfbundle; includeInIndex = 0; path = helloPushTests.xctest; sourceTree = BUILT_PRODUCTS_DIR; };
		490393F21BD981F0009263BC /* helloPushTests.m */ = {isa = PBXFileReference; lastKnownFileType = sourcecode.c.objc; path = helloPushTests.m; sourceTree = "<group>"; };
		490393F41BD981F0009263BC /* Info.plist */ = {isa = PBXFileReference; lastKnownFileType = text.plist.xml; path = Info.plist; sourceTree = "<group>"; };
		490393F91BD981F0009263BC /* helloPushUITests.xctest */ = {isa = PBXFileReference; explicitFileType = wrapper.cfbundle; includeInIndex = 0; path = helloPushUITests.xctest; sourceTree = BUILT_PRODUCTS_DIR; };
		490393FD1BD981F0009263BC /* helloPushUITests.m */ = {isa = PBXFileReference; lastKnownFileType = sourcecode.c.objc; path = helloPushUITests.m; sourceTree = "<group>"; };
		490393FF1BD981F0009263BC /* Info.plist */ = {isa = PBXFileReference; lastKnownFileType = text.plist.xml; path = Info.plist; sourceTree = "<group>"; };
		9066A1788AB5B90B8107C03A /* Pods.release.xcconfig */ = {isa = PBXFileReference; includeInIndex = 1; lastKnownFileType = text.xcconfig; name = Pods.release.xcconfig; path = "Pods/Target Support Files/Pods/Pods.release.xcconfig"; sourceTree = "<group>"; };
		D68BAC5F3B9517E49374FBF4 /* Pods.debug.xcconfig */ = {isa = PBXFileReference; includeInIndex = 1; lastKnownFileType = text.xcconfig; name = Pods.debug.xcconfig; path = "Pods/Target Support Files/Pods/Pods.debug.xcconfig"; sourceTree = "<group>"; };
		D9C687F7687C95E800A237A8 /* libPods.a */ = {isa = PBXFileReference; explicitFileType = archive.ar; includeInIndex = 0; path = libPods.a; sourceTree = BUILT_PRODUCTS_DIR; };
/* End PBXFileReference section */

/* Begin PBXFrameworksBuildPhase section */
		490393D21BD981F0009263BC /* Frameworks */ = {
			isa = PBXFrameworksBuildPhase;
			buildActionMask = 2147483647;
			files = (
				C2F0B6C870E1A337EF785680 /* libPods.a in Frameworks */,
			);
			runOnlyForDeploymentPostprocessing = 0;
		};
		490393EB1BD981F0009263BC /* Frameworks */ = {
			isa = PBXFrameworksBuildPhase;
			buildActionMask = 2147483647;
			files = (
			);
			runOnlyForDeploymentPostprocessing = 0;
		};
		490393F61BD981F0009263BC /* Frameworks */ = {
			isa = PBXFrameworksBuildPhase;
			buildActionMask = 2147483647;
			files = (
			);
			runOnlyForDeploymentPostprocessing = 0;
		};
/* End PBXFrameworksBuildPhase section */

/* Begin PBXGroup section */
		490393CC1BD981EF009263BC = {
			isa = PBXGroup;
			children = (
				490393D71BD981F0009263BC /* helloPush */,
				490393F11BD981F0009263BC /* helloPushTests */,
				490393FC1BD981F0009263BC /* helloPushUITests */,
				490393D61BD981F0009263BC /* Products */,
				FD9207FD53B6C11B39A05A16 /* Pods */,
				DAF569B1ECD8A10ADE3D8CE8 /* Frameworks */,
			);
			sourceTree = "<group>";
		};
		490393D61BD981F0009263BC /* Products */ = {
			isa = PBXGroup;
			children = (
				490393D51BD981F0009263BC /* helloPush.app */,
				490393EE1BD981F0009263BC /* helloPushTests.xctest */,
				490393F91BD981F0009263BC /* helloPushUITests.xctest */,
			);
			name = Products;
			sourceTree = "<group>";
		};
		490393D71BD981F0009263BC /* helloPush */ = {
			isa = PBXGroup;
			children = (
				490393DB1BD981F0009263BC /* AppDelegate.h */,
				490393DC1BD981F0009263BC /* AppDelegate.m */,
				490393DE1BD981F0009263BC /* ViewController.h */,
				490393DF1BD981F0009263BC /* ViewController.m */,
				490393E11BD981F0009263BC /* Main.storyboard */,
				490393E41BD981F0009263BC /* Assets.xcassets */,
				490393E61BD981F0009263BC /* LaunchScreen.storyboard */,
				490393E91BD981F0009263BC /* Info.plist */,
				490393D81BD981F0009263BC /* Supporting Files */,
			);
			path = helloPush;
			sourceTree = "<group>";
		};
		490393D81BD981F0009263BC /* Supporting Files */ = {
			isa = PBXGroup;
			children = (
				490393D91BD981F0009263BC /* main.m */,
			);
			name = "Supporting Files";
			sourceTree = "<group>";
		};
		490393F11BD981F0009263BC /* helloPushTests */ = {
			isa = PBXGroup;
			children = (
				490393F21BD981F0009263BC /* helloPushTests.m */,
				490393F41BD981F0009263BC /* Info.plist */,
			);
			path = helloPushTests;
			sourceTree = "<group>";
		};
		490393FC1BD981F0009263BC /* helloPushUITests */ = {
			isa = PBXGroup;
			children = (
				490393FD1BD981F0009263BC /* helloPushUITests.m */,
				490393FF1BD981F0009263BC /* Info.plist */,
			);
			path = helloPushUITests;
			sourceTree = "<group>";
		};
		DAF569B1ECD8A10ADE3D8CE8 /* Frameworks */ = {
			isa = PBXGroup;
			children = (
				D9C687F7687C95E800A237A8 /* libPods.a */,
			);
			name = Frameworks;
			sourceTree = "<group>";
		};
		FD9207FD53B6C11B39A05A16 /* Pods */ = {
			isa = PBXGroup;
			children = (
				D68BAC5F3B9517E49374FBF4 /* Pods.debug.xcconfig */,
				9066A1788AB5B90B8107C03A /* Pods.release.xcconfig */,
			);
			name = Pods;
			sourceTree = "<group>";
		};
/* End PBXGroup section */

/* Begin PBXNativeTarget section */
		490393D41BD981F0009263BC /* helloPush */ = {
			isa = PBXNativeTarget;
			buildConfigurationList = 490394021BD981F0009263BC /* Build configuration list for PBXNativeTarget "helloPush" */;
			buildPhases = (
				8B475DD223A9C287C93886CB /* Check Pods Manifest.lock */,
				490393D11BD981F0009263BC /* Sources */,
				490393D21BD981F0009263BC /* Frameworks */,
				490393D31BD981F0009263BC /* Resources */,
				43EDFBE6172F80EA1DF490DF /* Embed Pods Frameworks */,
				D1E7F753427F4A21EB1684D9 /* Copy Pods Resources */,
			);
			buildRules = (
			);
			dependencies = (
			);
			name = helloPush;
			productName = helloPush;
			productReference = 490393D51BD981F0009263BC /* helloPush.app */;
			productType = "com.apple.product-type.application";
		};
		490393ED1BD981F0009263BC /* helloPushTests */ = {
			isa = PBXNativeTarget;
			buildConfigurationList = 490394051BD981F0009263BC /* Build configuration list for PBXNativeTarget "helloPushTests" */;
			buildPhases = (
				490393EA1BD981F0009263BC /* Sources */,
				490393EB1BD981F0009263BC /* Frameworks */,
				490393EC1BD981F0009263BC /* Resources */,
			);
			buildRules = (
			);
			dependencies = (
				490393F01BD981F0009263BC /* PBXTargetDependency */,
			);
			name = helloPushTests;
			productName = helloPushTests;
			productReference = 490393EE1BD981F0009263BC /* helloPushTests.xctest */;
			productType = "com.apple.product-type.bundle.unit-test";
		};
		490393F81BD981F0009263BC /* helloPushUITests */ = {
			isa = PBXNativeTarget;
			buildConfigurationList = 490394081BD981F0009263BC /* Build configuration list for PBXNativeTarget "helloPushUITests" */;
			buildPhases = (
				490393F51BD981F0009263BC /* Sources */,
				490393F61BD981F0009263BC /* Frameworks */,
				490393F71BD981F0009263BC /* Resources */,
			);
			buildRules = (
			);
			dependencies = (
				490393FB1BD981F0009263BC /* PBXTargetDependency */,
			);
			name = helloPushUITests;
			productName = helloPushUITests;
			productReference = 490393F91BD981F0009263BC /* helloPushUITests.xctest */;
			productType = "com.apple.product-type.bundle.ui-testing";
		};
/* End PBXNativeTarget section */

/* Begin PBXProject section */
		490393CD1BD981EF009263BC /* Project object */ = {
			isa = PBXProject;
			attributes = {
				LastUpgradeCheck = 0700;
				ORGANIZATIONNAME = IBM;
				TargetAttributes = {
					490393D41BD981F0009263BC = {
						CreatedOnToolsVersion = 7.0;
					};
					490393ED1BD981F0009263BC = {
						CreatedOnToolsVersion = 7.0;
						TestTargetID = 490393D41BD981F0009263BC;
					};
					490393F81BD981F0009263BC = {
						CreatedOnToolsVersion = 7.0;
						TestTargetID = 490393D41BD981F0009263BC;
					};
				};
			};
			buildConfigurationList = 490393D01BD981EF009263BC /* Build configuration list for PBXProject "helloPush" */;
			compatibilityVersion = "Xcode 3.2";
			developmentRegion = English;
			hasScannedForEncodings = 0;
			knownRegions = (
				en,
				Base,
			);
			mainGroup = 490393CC1BD981EF009263BC;
			productRefGroup = 490393D61BD981F0009263BC /* Products */;
			projectDirPath = "";
			projectRoot = "";
			targets = (
				490393D41BD981F0009263BC /* helloPush */,
				490393ED1BD981F0009263BC /* helloPushTests */,
				490393F81BD981F0009263BC /* helloPushUITests */,
			);
		};
/* End PBXProject section */

/* Begin PBXResourcesBuildPhase section */
		490393D31BD981F0009263BC /* Resources */ = {
			isa = PBXResourcesBuildPhase;
			buildActionMask = 2147483647;
			files = (
				490393E81BD981F0009263BC /* LaunchScreen.storyboard in Resources */,
				490393E51BD981F0009263BC /* Assets.xcassets in Resources */,
				490393E31BD981F0009263BC /* Main.storyboard in Resources */,
			);
			runOnlyForDeploymentPostprocessing = 0;
		};
		490393EC1BD981F0009263BC /* Resources */ = {
			isa = PBXResourcesBuildPhase;
			buildActionMask = 2147483647;
			files = (
			);
			runOnlyForDeploymentPostprocessing = 0;
		};
		490393F71BD981F0009263BC /* Resources */ = {
			isa = PBXResourcesBuildPhase;
			buildActionMask = 2147483647;
			files = (
			);
			runOnlyForDeploymentPostprocessing = 0;
		};
/* End PBXResourcesBuildPhase section */

/* Begin PBXShellScriptBuildPhase section */
		43EDFBE6172F80EA1DF490DF /* Embed Pods Frameworks */ = {
			isa = PBXShellScriptBuildPhase;
			buildActionMask = 2147483647;
			files = (
			);
			inputPaths = (
			);
			name = "Embed Pods Frameworks";
			outputPaths = (
			);
			runOnlyForDeploymentPostprocessing = 0;
			shellPath = /bin/sh;
			shellScript = "\"${SRCROOT}/Pods/Target Support Files/Pods/Pods-frameworks.sh\"\n";
			showEnvVarsInLog = 0;
		};
		8B475DD223A9C287C93886CB /* Check Pods Manifest.lock */ = {
			isa = PBXShellScriptBuildPhase;
			buildActionMask = 2147483647;
			files = (
			);
			inputPaths = (
			);
			name = "Check Pods Manifest.lock";
			outputPaths = (
			);
			runOnlyForDeploymentPostprocessing = 0;
			shellPath = /bin/sh;
			shellScript = "diff \"${PODS_ROOT}/../Podfile.lock\" \"${PODS_ROOT}/Manifest.lock\" > /dev/null\nif [[ $? != 0 ]] ; then\n    cat << EOM\nerror: The sandbox is not in sync with the Podfile.lock. Run 'pod install' or update your CocoaPods installation.\nEOM\n    exit 1\nfi\n";
			showEnvVarsInLog = 0;
		};
		D1E7F753427F4A21EB1684D9 /* Copy Pods Resources */ = {
			isa = PBXShellScriptBuildPhase;
			buildActionMask = 2147483647;
			files = (
			);
			inputPaths = (
			);
			name = "Copy Pods Resources";
			outputPaths = (
			);
			runOnlyForDeploymentPostprocessing = 0;
			shellPath = /bin/sh;
			shellScript = "\"${SRCROOT}/Pods/Target Support Files/Pods/Pods-resources.sh\"\n";
			showEnvVarsInLog = 0;
		};
/* End PBXShellScriptBuildPhase section */

/* Begin PBXSourcesBuildPhase section */
		490393D11BD981F0009263BC /* Sources */ = {
			isa = PBXSourcesBuildPhase;
			buildActionMask = 2147483647;
			files = (
				490393E01BD981F0009263BC /* ViewController.m in Sources */,
				490393DD1BD981F0009263BC /* AppDelegate.m in Sources */,
				490393DA1BD981F0009263BC /* main.m in Sources */,
			);
			runOnlyForDeploymentPostprocessing = 0;
		};
		490393EA1BD981F0009263BC /* Sources */ = {
			isa = PBXSourcesBuildPhase;
			buildActionMask = 2147483647;
			files = (
				490393F31BD981F0009263BC /* helloPushTests.m in Sources */,
			);
			runOnlyForDeploymentPostprocessing = 0;
		};
		490393F51BD981F0009263BC /* Sources */ = {
			isa = PBXSourcesBuildPhase;
			buildActionMask = 2147483647;
			files = (
				490393FE1BD981F0009263BC /* helloPushUITests.m in Sources */,
			);
			runOnlyForDeploymentPostprocessing = 0;
		};
/* End PBXSourcesBuildPhase section */

/* Begin PBXTargetDependency section */
		490393F01BD981F0009263BC /* PBXTargetDependency */ = {
			isa = PBXTargetDependency;
			target = 490393D41BD981F0009263BC /* helloPush */;
			targetProxy = 490393EF1BD981F0009263BC /* PBXContainerItemProxy */;
		};
		490393FB1BD981F0009263BC /* PBXTargetDependency */ = {
			isa = PBXTargetDependency;
			target = 490393D41BD981F0009263BC /* helloPush */;
			targetProxy = 490393FA1BD981F0009263BC /* PBXContainerItemProxy */;
		};
/* End PBXTargetDependency section */

/* Begin PBXVariantGroup section */
		490393E11BD981F0009263BC /* Main.storyboard */ = {
			isa = PBXVariantGroup;
			children = (
				490393E21BD981F0009263BC /* Base */,
			);
			name = Main.storyboard;
			sourceTree = "<group>";
		};
		490393E61BD981F0009263BC /* LaunchScreen.storyboard */ = {
			isa = PBXVariantGroup;
			children = (
				490393E71BD981F0009263BC /* Base */,
			);
			name = LaunchScreen.storyboard;
			sourceTree = "<group>";
		};
/* End PBXVariantGroup section */

/* Begin XCBuildConfiguration section */
		490394001BD981F0009263BC /* Debug */ = {
			isa = XCBuildConfiguration;
			buildSettings = {
				ALWAYS_SEARCH_USER_PATHS = NO;
				CLANG_CXX_LANGUAGE_STANDARD = "gnu++0x";
				CLANG_CXX_LIBRARY = "libc++";
				CLANG_ENABLE_MODULES = YES;
				CLANG_ENABLE_OBJC_ARC = YES;
				CLANG_WARN_BOOL_CONVERSION = YES;
				CLANG_WARN_CONSTANT_CONVERSION = YES;
				CLANG_WARN_DIRECT_OBJC_ISA_USAGE = YES_ERROR;
				CLANG_WARN_EMPTY_BODY = YES;
				CLANG_WARN_ENUM_CONVERSION = YES;
				CLANG_WARN_INT_CONVERSION = YES;
				CLANG_WARN_OBJC_ROOT_CLASS = YES_ERROR;
				CLANG_WARN_UNREACHABLE_CODE = YES;
				CLANG_WARN__DUPLICATE_METHOD_MATCH = YES;
				"CODE_SIGN_IDENTITY[sdk=iphoneos*]" = "iPhone Developer";
				COPY_PHASE_STRIP = NO;
				DEBUG_INFORMATION_FORMAT = dwarf;
				ENABLE_STRICT_OBJC_MSGSEND = YES;
				ENABLE_TESTABILITY = YES;
				GCC_C_LANGUAGE_STANDARD = gnu99;
				GCC_DYNAMIC_NO_PIC = NO;
				GCC_NO_COMMON_BLOCKS = YES;
				GCC_OPTIMIZATION_LEVEL = 0;
				GCC_PREPROCESSOR_DEFINITIONS = (
					"DEBUG=1",
					"$(inherited)",
				);
				GCC_WARN_64_TO_32_BIT_CONVERSION = YES;
				GCC_WARN_ABOUT_RETURN_TYPE = YES_ERROR;
				GCC_WARN_UNDECLARED_SELECTOR = YES;
				GCC_WARN_UNINITIALIZED_AUTOS = YES_AGGRESSIVE;
				GCC_WARN_UNUSED_FUNCTION = YES;
				GCC_WARN_UNUSED_VARIABLE = YES;
				IPHONEOS_DEPLOYMENT_TARGET = 9.0;
				MTL_ENABLE_DEBUG_INFO = YES;
				ONLY_ACTIVE_ARCH = YES;
				SDKROOT = iphoneos;
				TARGETED_DEVICE_FAMILY = "1,2";
			};
			name = Debug;
		};
		490394011BD981F0009263BC /* Release */ = {
			isa = XCBuildConfiguration;
			buildSettings = {
				ALWAYS_SEARCH_USER_PATHS = NO;
				CLANG_CXX_LANGUAGE_STANDARD = "gnu++0x";
				CLANG_CXX_LIBRARY = "libc++";
				CLANG_ENABLE_MODULES = YES;
				CLANG_ENABLE_OBJC_ARC = YES;
				CLANG_WARN_BOOL_CONVERSION = YES;
				CLANG_WARN_CONSTANT_CONVERSION = YES;
				CLANG_WARN_DIRECT_OBJC_ISA_USAGE = YES_ERROR;
				CLANG_WARN_EMPTY_BODY = YES;
				CLANG_WARN_ENUM_CONVERSION = YES;
				CLANG_WARN_INT_CONVERSION = YES;
				CLANG_WARN_OBJC_ROOT_CLASS = YES_ERROR;
				CLANG_WARN_UNREACHABLE_CODE = YES;
				CLANG_WARN__DUPLICATE_METHOD_MATCH = YES;
				"CODE_SIGN_IDENTITY[sdk=iphoneos*]" = "iPhone Developer";
				COPY_PHASE_STRIP = NO;
				DEBUG_INFORMATION_FORMAT = "dwarf-with-dsym";
				ENABLE_NS_ASSERTIONS = NO;
				ENABLE_STRICT_OBJC_MSGSEND = YES;
				GCC_C_LANGUAGE_STANDARD = gnu99;
				GCC_NO_COMMON_BLOCKS = YES;
				GCC_WARN_64_TO_32_BIT_CONVERSION = YES;
				GCC_WARN_ABOUT_RETURN_TYPE = YES_ERROR;
				GCC_WARN_UNDECLARED_SELECTOR = YES;
				GCC_WARN_UNINITIALIZED_AUTOS = YES_AGGRESSIVE;
				GCC_WARN_UNUSED_FUNCTION = YES;
				GCC_WARN_UNUSED_VARIABLE = YES;
				IPHONEOS_DEPLOYMENT_TARGET = 9.0;
				MTL_ENABLE_DEBUG_INFO = NO;
				SDKROOT = iphoneos;
				TARGETED_DEVICE_FAMILY = "1,2";
				VALIDATE_PRODUCT = YES;
			};
			name = Release;
		};
		490394031BD981F0009263BC /* Debug */ = {
			isa = XCBuildConfiguration;
			baseConfigurationReference = D68BAC5F3B9517E49374FBF4 /* Pods.debug.xcconfig */;
			buildSettings = {
				ASSETCATALOG_COMPILER_APPICON_NAME = AppIcon;
				ENABLE_BITCODE = NO;
				INFOPLIST_FILE = helloPush/Info.plist;
				IPHONEOS_DEPLOYMENT_TARGET = 8.1;
				LD_RUNPATH_SEARCH_PATHS = "$(inherited) @executable_path/Frameworks";
				PRODUCT_BUNDLE_IDENTIFIER = com.ibm.helloPush;
				PRODUCT_NAME = "$(TARGET_NAME)";
			};
			name = Debug;
		};
		490394041BD981F0009263BC /* Release */ = {
			isa = XCBuildConfiguration;
			baseConfigurationReference = 9066A1788AB5B90B8107C03A /* Pods.release.xcconfig */;
			buildSettings = {
				ASSETCATALOG_COMPILER_APPICON_NAME = AppIcon;
				ENABLE_BITCODE = NO;
				INFOPLIST_FILE = helloPush/Info.plist;
				IPHONEOS_DEPLOYMENT_TARGET = 8.1;
				LD_RUNPATH_SEARCH_PATHS = "$(inherited) @executable_path/Frameworks";
				PRODUCT_BUNDLE_IDENTIFIER = com.ibm.helloPush;
				PRODUCT_NAME = "$(TARGET_NAME)";
			};
			name = Release;
		};
		490394061BD981F0009263BC /* Debug */ = {
			isa = XCBuildConfiguration;
			buildSettings = {
				BUNDLE_LOADER = "$(TEST_HOST)";
				INFOPLIST_FILE = helloPushTests/Info.plist;
				LD_RUNPATH_SEARCH_PATHS = "$(inherited) @executable_path/Frameworks @loader_path/Frameworks";
				PRODUCT_BUNDLE_IDENTIFIER = com.ibm.helloPushTests;
				PRODUCT_NAME = "$(TARGET_NAME)";
				TEST_HOST = "$(BUILT_PRODUCTS_DIR)/helloPush.app/helloPush";
			};
			name = Debug;
		};
		490394071BD981F0009263BC /* Release */ = {
			isa = XCBuildConfiguration;
			buildSettings = {
				BUNDLE_LOADER = "$(TEST_HOST)";
				INFOPLIST_FILE = helloPushTests/Info.plist;
				LD_RUNPATH_SEARCH_PATHS = "$(inherited) @executable_path/Frameworks @loader_path/Frameworks";
				PRODUCT_BUNDLE_IDENTIFIER = com.ibm.helloPushTests;
				PRODUCT_NAME = "$(TARGET_NAME)";
				TEST_HOST = "$(BUILT_PRODUCTS_DIR)/helloPush.app/helloPush";
			};
			name = Release;
		};
		490394091BD981F0009263BC /* Debug */ = {
			isa = XCBuildConfiguration;
			buildSettings = {
				INFOPLIST_FILE = helloPushUITests/Info.plist;
				LD_RUNPATH_SEARCH_PATHS = "$(inherited) @executable_path/Frameworks @loader_path/Frameworks";
				PRODUCT_BUNDLE_IDENTIFIER = com.ibm.helloPushUITests;
				PRODUCT_NAME = "$(TARGET_NAME)";
				TEST_TARGET_NAME = helloPush;
				USES_XCTRUNNER = YES;
			};
			name = Debug;
		};
		4903940A1BD981F0009263BC /* Release */ = {
			isa = XCBuildConfiguration;
			buildSettings = {
				INFOPLIST_FILE = helloPushUITests/Info.plist;
				LD_RUNPATH_SEARCH_PATHS = "$(inherited) @executable_path/Frameworks @loader_path/Frameworks";
				PRODUCT_BUNDLE_IDENTIFIER = com.ibm.helloPushUITests;
				PRODUCT_NAME = "$(TARGET_NAME)";
				TEST_TARGET_NAME = helloPush;
				USES_XCTRUNNER = YES;
			};
			name = Release;
		};
/* End XCBuildConfiguration section */

/* Begin XCConfigurationList section */
		490393D01BD981EF009263BC /* Build configuration list for PBXProject "helloPush" */ = {
			isa = XCConfigurationList;
			buildConfigurations = (
				490394001BD981F0009263BC /* Debug */,
				490394011BD981F0009263BC /* Release */,
			);
			defaultConfigurationIsVisible = 0;
			defaultConfigurationName = Release;
		};
		490394021BD981F0009263BC /* Build configuration list for PBXNativeTarget "helloPush" */ = {
			isa = XCConfigurationList;
			buildConfigurations = (
				490394031BD981F0009263BC /* Debug */,
				490394041BD981F0009263BC /* Release */,
			);
			defaultConfigurationIsVisible = 0;
			defaultConfigurationName = Release;
		};
		490394051BD981F0009263BC /* Build configuration list for PBXNativeTarget "helloPushTests" */ = {
			isa = XCConfigurationList;
			buildConfigurations = (
				490394061BD981F0009263BC /* Debug */,
				490394071BD981F0009263BC /* Release */,
			);
			defaultConfigurationIsVisible = 0;
			defaultConfigurationName = Release;
		};
		490394081BD981F0009263BC /* Build configuration list for PBXNativeTarget "helloPushUITests" */ = {
			isa = XCConfigurationList;
			buildConfigurations = (
				490394091BD981F0009263BC /* Debug */,
				4903940A1BD981F0009263BC /* Release */,
			);
			defaultConfigurationIsVisible = 0;
			defaultConfigurationName = Release;
		};
/* End XCConfigurationList section */
	};
	rootObject = 490393CD1BD981EF009263BC /* Project object */;
}
